// !$*UTF8*$!
{
	archiveVersion = 1;
	classes = {
	};
	objectVersion = 56;
	objects = {

/* Begin PBXBuildFile section */
		AAAAAAAAAAAAAAAAAAAAAA1A /* TokenBarApp.swift in Sources */ = {isa = PBXBuildFile; fileRef = AAAAAAAAAAAAAAAAAAAAAA10 /* TokenBarApp.swift */; };
		AAAAAAAAAAAAAAAAAAAAAA1B /* AppDelegate.swift in Sources */ = {isa = PBXBuildFile; fileRef = AAAAAAAAAAAAAAAAAAAAAA11 /* AppDelegate.swift */; };
		AAAAAAAAAAAAAAAAAAAAAA1C /* UsageViewModel.swift in Sources */ = {isa = PBXBuildFile; fileRef = AAAAAAAAAAAAAAAAAAAAAA12 /* UsageViewModel.swift */; };
		AAAAAAAAAAAAAAAAAAAAAA1D /* UsageService.swift in Sources */ = {isa = PBXBuildFile; fileRef = AAAAAAAAAAAAAAAAAAAAAA13 /* UsageService.swift */; };
		AAAAAAAAAAAAAAAAAAAAAA1E /* CodexUsageService.swift in Sources */ = {isa = PBXBuildFile; fileRef = AAAAAAAAAAAAAAAAAAAAAA14 /* CodexUsageService.swift */; };
		AAAAAAAAAAAAAAAAAAAAAA1F /* Models.swift in Sources */ = {isa = PBXBuildFile; fileRef = AAAAAAAAAAAAAAAAAAAAAA15 /* Models.swift */; };
		AAAAAAAAAAAAAAAAAAAAAA20 /* MenuBarView.swift in Sources */ = {isa = PBXBuildFile; fileRef = AAAAAAAAAAAAAAAAAAAAAA16 /* MenuBarView.swift */; };
		AAAAAAAAAAAAAAAAAAAAAA21 /* LoginLauncher.swift in Sources */ = {isa = PBXBuildFile; fileRef = AAAAAAAAAAAAAAAAAAAAAA17 /* LoginLauncher.swift */; };
		AAAAAAAAAAAAAAAAAAAAAA22 /* Assets.xcassets in Resources */ = {isa = PBXBuildFile; fileRef = AAAAAAAAAAAAAAAAAAAAAA18 /* Assets.xcassets */; };
/* End PBXBuildFile section */

/* Begin PBXFileReference section */
		AAAAAAAAAAAAAAAAAAAAAA06 /* TokenBar.app */ = {isa = PBXFileReference; explicitFileType = wrapper.application; includeInIndex = 0; path = TokenBar.app; sourceTree = BUILT_PRODUCTS_DIR; };
		AAAAAAAAAAAAAAAAAAAAAA10 /* TokenBarApp.swift */ = {isa = PBXFileReference; lastKnownFileType = sourcecode.swift; path = TokenBarApp.swift; sourceTree = "<group>"; };
		AAAAAAAAAAAAAAAAAAAAAA11 /* AppDelegate.swift */ = {isa = PBXFileReference; lastKnownFileType = sourcecode.swift; path = AppDelegate.swift; sourceTree = "<group>"; };
		AAAAAAAAAAAAAAAAAAAAAA12 /* UsageViewModel.swift */ = {isa = PBXFileReference; lastKnownFileType = sourcecode.swift; path = UsageViewModel.swift; sourceTree = "<group>"; };
		AAAAAAAAAAAAAAAAAAAAAA13 /* UsageService.swift */ = {isa = PBXFileReference; lastKnownFileType = sourcecode.swift; path = UsageService.swift; sourceTree = "<group>"; };
		AAAAAAAAAAAAAAAAAAAAAA14 /* CodexUsageService.swift */ = {isa = PBXFileReference; lastKnownFileType = sourcecode.swift; path = CodexUsageService.swift; sourceTree = "<group>"; };
		AAAAAAAAAAAAAAAAAAAAAA15 /* Models.swift */ = {isa = PBXFileReference; lastKnownFileType = sourcecode.swift; path = Models.swift; sourceTree = "<group>"; };
		AAAAAAAAAAAAAAAAAAAAAA16 /* MenuBarView.swift */ = {isa = PBXFileReference; lastKnownFileType = sourcecode.swift; path = MenuBarView.swift; sourceTree = "<group>"; };
		AAAAAAAAAAAAAAAAAAAAAA17 /* LoginLauncher.swift */ = {isa = PBXFileReference; lastKnownFileType = sourcecode.swift; path = LoginLauncher.swift; sourceTree = "<group>"; };
		AAAAAAAAAAAAAAAAAAAAAA18 /* Assets.xcassets */ = {isa = PBXFileReference; lastKnownFileType = folder.assetcatalog; path = Assets.xcassets; sourceTree = "<group>"; };
		AAAAAAAAAAAAAAAAAAAAAA19 /* Info.plist */ = {isa = PBXFileReference; lastKnownFileType = text.plist.xml; path = Info.plist; sourceTree = "<group>"; };
/* End PBXFileReference section */

/* Begin PBXFrameworksBuildPhase section */
		AAAAAAAAAAAAAAAAAAAAAA0E /* Frameworks */ = {
			isa = PBXFrameworksBuildPhase;
			buildActionMask = 2147483647;
			files = (
			);
			runOnlyForDeploymentPostprocessing = 0;
		};
/* End PBXFrameworksBuildPhase section */

/* Begin PBXGroup section */
		AAAAAAAAAAAAAAAAAAAAAA02 = {
			isa = PBXGroup;
			children = (
				AAAAAAAAAAAAAAAAAAAAAA04 /* TokenBar */,
				AAAAAAAAAAAAAAAAAAAAAA03 /* Products */,
			);
			sourceTree = "<group>";
		};
		AAAAAAAAAAAAAAAAAAAAAA03 /* Products */ = {
			isa = PBXGroup;
			children = (
				AAAAAAAAAAAAAAAAAAAAAA06 /* TokenBar.app */,
			);
			name = Products;
			sourceTree = "<group>";
		};
		AAAAAAAAAAAAAAAAAAAAAA04 /* TokenBar */ = {
			isa = PBXGroup;
			children = (
				AAAAAAAAAAAAAAAAAAAAAA10 /* TokenBarApp.swift */,
				AAAAAAAAAAAAAAAAAAAAAA11 /* AppDelegate.swift */,
				AAAAAAAAAAAAAAAAAAAAAA12 /* UsageViewModel.swift */,
				AAAAAAAAAAAAAAAAAAAAAA13 /* UsageService.swift */,
				AAAAAAAAAAAAAAAAAAAAAA14 /* CodexUsageService.swift */,
				AAAAAAAAAAAAAAAAAAAAAA15 /* Models.swift */,
				AAAAAAAAAAAAAAAAAAAAAA16 /* MenuBarView.swift */,
				AAAAAAAAAAAAAAAAAAAAAA17 /* LoginLauncher.swift */,
				AAAAAAAAAAAAAAAAAAAAAA18 /* Assets.xcassets */,
				AAAAAAAAAAAAAAAAAAAAAA19 /* Info.plist */,
			);
			path = TokenBar;
			sourceTree = "<group>";
		};
/* End PBXGroup section */

/* Begin PBXNativeTarget section */
		AAAAAAAAAAAAAAAAAAAAAA05 /* TokenBar */ = {
			isa = PBXNativeTarget;
			buildConfigurationList = AAAAAAAAAAAAAAAAAAAAAA0A /* Build configuration list for PBXNativeTarget "TokenBar" */;
			buildPhases = (
				AAAAAAAAAAAAAAAAAAAAAA0D /* Sources */,
				AAAAAAAAAAAAAAAAAAAAAA0E /* Frameworks */,
				AAAAAAAAAAAAAAAAAAAAAA0F /* Resources */,
			);
			buildRules = (
			);
			dependencies = (
			);
			name = TokenBar;
			productName = TokenBar;
			productReference = AAAAAAAAAAAAAAAAAAAAAA06 /* TokenBar.app */;
			productType = "com.apple.product-type.application";
		};
/* End PBXNativeTarget section */

/* Begin PBXProject section */
		AAAAAAAAAAAAAAAAAAAAAA01 /* Project object */ = {
			isa = PBXProject;
			attributes = {
				BuildIndependentTargetsInParallel = 1;
				LastSwiftUpdateCheck = 1620;
				LastUpgradeCheck = 1620;
				TargetAttributes = {
					AAAAAAAAAAAAAAAAAAAAAA05 = {
						CreatedOnToolsVersion = 16.2;
					};
				};
			};
			buildConfigurationList = AAAAAAAAAAAAAAAAAAAAAA07 /* Build configuration list for PBXProject "TokenBar" */;
			compatibilityVersion = "Xcode 14.0";
			developmentRegion = en;
			hasScannedForEncodings = 0;
			knownRegions = (
				en,
				Base,
			);
			mainGroup = AAAAAAAAAAAAAAAAAAAAAA02;
			productRefGroup = AAAAAAAAAAAAAAAAAAAAAA03 /* Products */;
			projectDirPath = "";
			projectRoot = "";
			targets = (
				AAAAAAAAAAAAAAAAAAAAAA05 /* TokenBar */,
			);
		};
/* End PBXProject section */

/* Begin PBXResourcesBuildPhase section */
		AAAAAAAAAAAAAAAAAAAAAA0F /* Resources */ = {
			isa = PBXResourcesBuildPhase;
			buildActionMask = 2147483647;
			files = (
				AAAAAAAAAAAAAAAAAAAAAA22 /* Assets.xcassets in Resources */,
			);
			runOnlyForDeploymentPostprocessing = 0;
		};
/* End PBXResourcesBuildPhase section */

/* Begin PBXSourcesBuildPhase section */
		AAAAAAAAAAAAAAAAAAAAAA0D /* Sources */ = {
			isa = PBXSourcesBuildPhase;
			buildActionMask = 2147483647;
			files = (
				AAAAAAAAAAAAAAAAAAAAAA1A /* TokenBarApp.swift in Sources */,
				AAAAAAAAAAAAAAAAAAAAAA1B /* AppDelegate.swift in Sources */,
				AAAAAAAAAAAAAAAAAAAAAA1C /* UsageViewModel.swift in Sources */,
				AAAAAAAAAAAAAAAAAAAAAA1D /* UsageService.swift in Sources */,
				AAAAAAAAAAAAAAAAAAAAAA1E /* CodexUsageService.swift in Sources */,
				AAAAAAAAAAAAAAAAAAAAAA1F /* Models.swift in Sources */,
				AAAAAAAAAAAAAAAAAAAAAA20 /* MenuBarView.swift in Sources */,
				AAAAAAAAAAAAAAAAAAAAAA21 /* LoginLauncher.swift in Sources */,
			);
			runOnlyForDeploymentPostprocessing = 0;
		};
/* End PBXSourcesBuildPhase section */

/* Begin XCBuildConfiguration section */
		AAAAAAAAAAAAAAAAAAAAAA08 /* Debug */ = {
			isa = XCBuildConfiguration;
			buildSettings = {
				ALWAYS_SEARCH_USER_PATHS = NO;
				CLANG_ENABLE_MODULES = YES;
				CLANG_ENABLE_OBJC_ARC = YES;
				CODE_SIGN_STYLE = Automatic;
				COPY_PHASE_STRIP = NO;
				DEBUG_INFORMATION_FORMAT = dwarf;
				ENABLE_TESTABILITY = YES;
				GCC_OPTIMIZATION_LEVEL = 0;
				MACOSX_DEPLOYMENT_TARGET = 14.6;
				MTL_ENABLE_DEBUG_INFO = INCLUDE_SOURCE;
				ONLY_ACTIVE_ARCH = YES;
				SDKROOT = macosx;
				SWIFT_ACTIVE_COMPILATION_CONDITIONS = DEBUG;
				SWIFT_OPTIMIZATION_LEVEL = "-Onone";
				SWIFT_VERSION = 5.0;
			};
			name = Debug;
		};
		AAAAAAAAAAAAAAAAAAAAAA09 /* Release */ = {
			isa = XCBuildConfiguration;
			buildSettings = {
				ALWAYS_SEARCH_USER_PATHS = NO;
				CLANG_ENABLE_MODULES = YES;
				CLANG_ENABLE_OBJC_ARC = YES;
				CODE_SIGN_STYLE = Automatic;
				COPY_PHASE_STRIP = NO;
				DEBUG_INFORMATION_FORMAT = "dwarf-with-dsym";
				GCC_OPTIMIZATION_LEVEL = s;
				MACOSX_DEPLOYMENT_TARGET = 14.6;
				MTL_ENABLE_DEBUG_INFO = NO;
				SDKROOT = macosx;
				SWIFT_COMPILATION_MODE = wholemodule;
				SWIFT_OPTIMIZATION_LEVEL = "-O";
				SWIFT_VERSION = 5.0;
			};
			name = Release;
		};
		AAAAAAAAAAAAAAAAAAAAAA0B /* Debug */ = {
			isa = XCBuildConfiguration;
			buildSettings = {
				ASSETCATALOG_COMPILER_APPICON_NAME = AppIcon;
				ASSETCATALOG_COMPILER_GENERATE_SWIFT_ASSET_SYMBOL_EXTENSIONS = YES;
				CODE_SIGN_STYLE = Automatic;
				COMBINE_HIDPI_IMAGES = YES;
				CURRENT_PROJECT_VERSION = 1;
				ENABLE_HARDENED_RUNTIME = YES;
				ENABLE_PREVIEWS = YES;
				GENERATE_INFOPLIST_FILE = NO;
				INFOPLIST_FILE = TokenBar/Info.plist;
				INFOPLIST_KEY_CFBundleDisplayName = TokenBar;
				INFOPLIST_KEY_LSApplicationCategoryType = "public.app-category.utilities";
				LD_RUNPATH_SEARCH_PATHS = (
					"$(inherited)",
					"@executable_path/../Frameworks",
				);
				MARKETING_VERSION = 1.3.1;
				PRODUCT_BUNDLE_IDENTIFIER = com.eslidiingz.TokenBar;
				PRODUCT_NAME = "$(TARGET_NAME)";
				SWIFT_EMIT_LOC_STRINGS = YES;
				SWIFT_VERSION = 5.0;
			};
			name = Debug;
		};
		AAAAAAAAAAAAAAAAAAAAAA0C /* Release */ = {
			isa = XCBuildConfiguration;
			buildSettings = {
				ASSETCATALOG_COMPILER_APPICON_NAME = AppIcon;
				ASSETCATALOG_COMPILER_GENERATE_SWIFT_ASSET_SYMBOL_EXTENSIONS = YES;
				CODE_SIGN_STYLE = Automatic;
				COMBINE_HIDPI_IMAGES = YES;
				CURRENT_PROJECT_VERSION = 1;
				ENABLE_HARDENED_RUNTIME = YES;
				ENABLE_PREVIEWS = YES;
				GENERATE_INFOPLIST_FILE = NO;
				INFOPLIST_FILE = TokenBar/Info.plist;
				INFOPLIST_KEY_CFBundleDisplayName = TokenBar;
				INFOPLIST_KEY_LSApplicationCategoryType = "public.app-category.utilities";
				LD_RUNPATH_SEARCH_PATHS = (
					"$(inherited)",
					"@executable_path/../Frameworks",
				);
				MARKETING_VERSION = 1.3.1;
				PRODUCT_BUNDLE_IDENTIFIER = com.eslidiingz.TokenBar;
				PRODUCT_NAME = "$(TARGET_NAME)";
				SWIFT_EMIT_LOC_STRINGS = YES;
				SWIFT_VERSION = 5.0;
			};
			name = Release;
		};
/* End XCBuildConfiguration section */

/* Begin XCConfigurationList section */
		AAAAAAAAAAAAAAAAAAAAAA07 /* Build configuration list for PBXProject "TokenBar" */ = {
			isa = XCConfigurationList;
			buildConfigurations = (
				AAAAAAAAAAAAAAAAAAAAAA08 /* Debug */,
				AAAAAAAAAAAAAAAAAAAAAA09 /* Release */,
			);
			defaultConfigurationIsVisible = 0;
			defaultConfigurationName = Release;
		};
		AAAAAAAAAAAAAAAAAAAAAA0A /* Build configuration list for PBXNativeTarget "TokenBar" */ = {
			isa = XCConfigurationList;
			buildConfigurations = (
				AAAAAAAAAAAAAAAAAAAAAA0B /* Debug */,
				AAAAAAAAAAAAAAAAAAAAAA0C /* Release */,
			);
			defaultConfigurationIsVisible = 0;
			defaultConfigurationName = Release;
		};
/* End XCConfigurationList section */
	};
	rootObject = AAAAAAAAAAAAAAAAAAAAAA01 /* Project object */;
}
